// !$*UTF8*$!
{
	archiveVersion = 1;
	classes = {
	};
	objectVersion = 77;
	objects = {

/* Begin PBXFileReference section */
		037B70682DCA1BFD003E9870 /* index.html */ = {isa = PBXFileReference; lastKnownFileType = text.html; path = index.html; sourceTree = "<group>"; };
		037B70692DCA1C06003E9870 /* styles.css */ = {isa = PBXFileReference; lastKnownFileType = text.css; path = styles.css; sourceTree = "<group>"; };
		037B706A2DCA1C0F003E9870 /* script.js */ = {isa = PBXFileReference; lastKnownFileType = sourcecode.javascript; path = script.js; sourceTree = "<group>"; };
/* End PBXFileReference section */

/* Begin PBXGroup section */
		037B70612DCA1BF7003E9870 = {
			isa = PBXGroup;
			children = (
				037B70682DCA1BFD003E9870 /* index.html */,
				037B70692DCA1C06003E9870 /* styles.css */,
				037B706A2DCA1C0F003E9870 /* script.js */,
			);
			sourceTree = "<group>";
		};
/* End PBXGroup section */

/* Begin PBXProject section */
		037B70622DCA1BF7003E9870 /* Project object */ = {
			isa = PBXProject;
			attributes = {
				BuildIndependentTargetsInParallel = 1;
				LastUpgradeCheck = 1630;
			};
			buildConfigurationList = 037B70652DCA1BF7003E9870 /* Build configuration list for PBXProject "timleaf.github.io" */;
			developmentRegion = en;
			hasScannedForEncodings = 0;
			knownRegions = (
				en,
				Base,
			);
			mainGroup = 037B70612DCA1BF7003E9870;
			minimizedProjectReferenceProxies = 1;
			preferredProjectObjectVersion = 77;
			projectDirPath = "";
			projectRoot = "";
			targets = (
			);
		};
/* End PBXProject section */

/* Begin XCBuildConfiguration section */
		037B70662DCA1BF7003E9870 /* Debug */ = {
			isa = XCBuildConfiguration;
			buildSettings = {
				DEVELOPMENT_TEAM = 56H72WXFTD;
			};
			name = Debug;
		};
		037B70672DCA1BF7003E9870 /* Release */ = {
			isa = XCBuildConfiguration;
			buildSettings = {
				DEVELOPMENT_TEAM = 56H72WXFTD;
			};
			name = Release;
		};
/* End XCBuildConfiguration section */

/* Begin XCConfigurationList section */
		037B70652DCA1BF7003E9870 /* Build configuration list for PBXProject "timleaf.github.io" */ = {
			isa = XCConfigurationList;
			buildConfigurations = (
				037B70662DCA1BF7003E9870 /* Debug */,
				037B70672DCA1BF7003E9870 /* Release */,
			);
			defaultConfigurationIsVisible = 0;
			defaultConfigurationName = Release;
		};
/* End XCConfigurationList section */
	};
	rootObject = 037B70622DCA1BF7003E9870 /* Project object */;
}
